schema: '2.0'
stages:
  unzip:
    cmd: python scripts/unzip_dataset.py
    deps:
    - path: data/raw/ecommerce-dataset.zip
      hash: md5
      md5: 9c8a6e502a5e71a00e49c0ac8b95a87f
      size: 304719974
    outs:
    - path: data/raw/category_tree.csv
      hash: md5
      md5: f0e1eb878ae66209004112f6355d7e83
      size: 14454
    - path: data/raw/events.csv
      hash: md5
      md5: fddaf7c1c6a9df23a726500a08ffdd7e
      size: 94237913
    - path: data/raw/item_properties_part1.csv
      hash: md5
      md5: cb43a0682a1af76f1c1b60f9163ae47b
      size: 484315749
    - path: data/raw/item_properties_part2.csv
      hash: md5
      md5: e74ec953e7b192920b195dfd82dc2a4e
      size: 408929907
  build_features:
    cmd: python -m scripts.build_features_local
    deps:
    - path: scripts/build_features_local.py
      hash: md5
      md5: 47dc7a00260e89994eb0fc5632325251
      size: 2556
    - path: shared/data/data_csv/raw/events.csv
      hash: md5
      md5: fddaf7c1c6a9df23a726500a08ffdd7e
      size: 94237913
    outs:
    - path: data/features/mappings.pkl
      hash: md5
      md5: cf498b7d6a8d9eedb42a49a8d0246295
      size: 4059853
    - path: data/features/user_item_matrix.npz
      hash: md5
      md5: 5ae29971618e247d607b7487c8e219c7
      size: 1231027
  train_baselines:
    cmd: python -m training.train_baselines
    deps:
    - path: data/features/mappings.pkl
      hash: md5
      md5: cf498b7d6a8d9eedb42a49a8d0246295
      size: 4059853
    - path: data/features/user_item_matrix.npz
      hash: md5
      md5: 5ae29971618e247d607b7487c8e219c7
      size: 1231027
    - path: shared/ml/evaluate_metrics.py
      hash: md5
      md5: 76707c65322c7aa59128d3b91ebdd8d2
      size: 4996
    - path: training/train_baselines.py
      hash: md5
      md5: d31a07c8292386f395a7caf2cecf1410
      size: 5540
    outs:
    - path: models/baselines/
      hash: md5
      md5: 4002a9b201210ebff2dbe1e11981baa3.dir
      size: 115762650
      nfiles: 3
  train_neural:
    cmd: python -m training.train
    deps:
    - path: shared/data/data_csv/raw/events.csv
      hash: md5
      md5: fddaf7c1c6a9df23a726500a08ffdd7e
      size: 94237913
    outs:
    - path: models/neural/
      hash: md5
      md5: a8c8c6b48934d9a101b3ac7c8c1be483.dir
      size: 29072254
      nfiles: 2
